
Microsoft Visual Studio Solution File, Format Version 11.00
# Visual Studio 2010
Project("{FAE04EC0-301F-11D3-BF4B-00C04F79EFBC}") = "NGUI_VR", "Assembly-CSharp-firstpass.csproj", "{D50CE17A-FDFC-4EAA-A1E9-C28620B0BC17}"
EndProject
Project("{FAE04EC0-301F-11D3-BF4B-00C04F79EFBC}") = "NGUI_VR", "Assembly-CSharp.csproj", "{3F60F6C6-3658-8E81-C427-42F6604D31D5}"
EndProject
Project("{FAE04EC0-301F-11D3-BF4B-00C04F79EFBC}") = "NGUI_VR", "Assembly-CSharp-Editor.csproj", "{743EE53B-C0FC-1408-CFCF-60E5120F516C}"
EndProject
Global
	GlobalSection(SolutionConfigurationPlatforms) = preSolution
		Debug|Any CPU = Debug|Any CPU
		Release|Any CPU = Release|Any CPU
	EndGlobalSection
	GlobalSection(ProjectConfigurationPlatforms) = postSolution
		{D50CE17A-FDFC-4EAA-A1E9-C28620B0BC17}.Debug|Any CPU.ActiveCfg = Debug|Any CPU
		{D50CE17A-FDFC-4EAA-A1E9-C28620B0BC17}.Debug|Any CPU.Build.0 = Debug|Any CPU
		{D50CE17A-FDFC-4EAA-A1E9-C28620B0BC17}.Release|Any CPU.ActiveCfg = Release|Any CPU
		{D50CE17A-FDFC-4EAA-A1E9-C28620B0BC17}.Release|Any CPU.Build.0 = Release|Any CPU
		{3F60F6C6-3658-8E81-C427-42F6604D31D5}.Debug|Any CPU.ActiveCfg = Debug|Any CPU
		{3F60F6C6-3658-8E81-C427-42F6604D31D5}.Debug|Any CPU.Build.0 = Debug|Any CPU
		{3F60F6C6-3658-8E81-C427-42F6604D31D5}.Release|Any CPU.ActiveCfg = Release|Any CPU
		{3F60F6C6-3658-8E81-C427-42F6604D31D5}.Release|Any CPU.Build.0 = Release|Any CPU
		{743EE53B-C0FC-1408-CFCF-60E5120F516C}.Debug|Any CPU.ActiveCfg = Debug|Any CPU
		{743EE53B-C0FC-1408-CFCF-60E5120F516C}.Debug|Any CPU.Build.0 = Debug|Any CPU
		{743EE53B-C0FC-1408-CFCF-60E5120F516C}.Release|Any CPU.ActiveCfg = Release|Any CPU
		{743EE53B-C0FC-1408-CFCF-60E5120F516C}.Release|Any CPU.Build.0 = Release|Any CPU
	EndGlobalSection
	GlobalSection(SolutionProperties) = preSolution
		HideSolutionNode = FALSE
	EndGlobalSection
	GlobalSection(MonoDevelopProperties) = preSolution
		StartupItem = Assembly-CSharp.csproj
	EndGlobalSection
EndGlobal
